
Microsoft Visual Studio Solution File, Format Version 12.00
# Visual Studio Version 17
VisualStudioVersion = 17.3.32922.545
MinimumVisualStudioVersion = 10.0.40219.1
Project("{9A19103F-16F7-4668-BE54-9A1E7A4F7556}") = "MainForm", "MainForm\MainForm.csproj", "{26DFE3BF-283B-4B27-8CAE-6B445995AE33}"
EndProject
Project("{9A19103F-16F7-4668-BE54-9A1E7A4F7556}") = "ClientModules", "..\..\MyMate_Client\ClientModules\ClientModules.csproj", "{CCE655C2-9D66-47EC-9C41-43BD30EB047E}"
EndProject
Project("{9A19103F-16F7-4668-BE54-9A1E7A4F7556}") = "Calender", "..\..\ToastAndCalender\Calender\Calender.csproj", "{4657D39B-0D58-482A-9C36-54C86DB93C58}"
EndProject
Global
	GlobalSection(SolutionConfigurationPlatforms) = preSolution
		Debug|Any CPU = Debug|Any CPU
		Release|Any CPU = Release|Any CPU
	EndGlobalSection
	GlobalSection(ProjectConfigurationPlatforms) = postSolution
		{26DFE3BF-283B-4B27-8CAE-6B445995AE33}.Debug|Any CPU.ActiveCfg = Debug|Any CPU
		{26DFE3BF-283B-4B27-8CAE-6B445995AE33}.Debug|Any CPU.Build.0 = Debug|Any CPU
		{26DFE3BF-283B-4B27-8CAE-6B445995AE33}.Release|Any CPU.ActiveCfg = Release|Any CPU
		{26DFE3BF-283B-4B27-8CAE-6B445995AE33}.Release|Any CPU.Build.0 = Release|Any CPU
		{CCE655C2-9D66-47EC-9C41-43BD30EB047E}.Debug|Any CPU.ActiveCfg = Debug|Any CPU
		{CCE655C2-9D66-47EC-9C41-43BD30EB047E}.Debug|Any CPU.Build.0 = Debug|Any CPU
		{CCE655C2-9D66-47EC-9C41-43BD30EB047E}.Release|Any CPU.ActiveCfg = Release|Any CPU
		{CCE655C2-9D66-47EC-9C41-43BD30EB047E}.Release|Any CPU.Build.0 = Release|Any CPU
		{4657D39B-0D58-482A-9C36-54C86DB93C58}.Debug|Any CPU.ActiveCfg = Debug|Any CPU
		{4657D39B-0D58-482A-9C36-54C86DB93C58}.Debug|Any CPU.Build.0 = Debug|Any CPU
		{4657D39B-0D58-482A-9C36-54C86DB93C58}.Release|Any CPU.ActiveCfg = Release|Any CPU
		{4657D39B-0D58-482A-9C36-54C86DB93C58}.Release|Any CPU.Build.0 = Release|Any CPU
	EndGlobalSection
	GlobalSection(SolutionProperties) = preSolution
		HideSolutionNode = FALSE
	EndGlobalSection
	GlobalSection(ExtensibilityGlobals) = postSolution
		SolutionGuid = {6E8208C0-BC4C-46CC-9B2F-A7D2711C83B8}
	EndGlobalSection
EndGlobal
