
Microsoft Visual Studio Solution File, Format Version 12.00
# Visual Studio Version 17
VisualStudioVersion = 17.3.32901.215
MinimumVisualStudioVersion = 10.0.40219.1
Project("{9A19103F-16F7-4668-BE54-9A1E7A4F7556}") = "Main", "Main\Main.csproj", "{17963B82-F915-4477-9F92-265F13E520A1}"
EndProject
Project("{9A19103F-16F7-4668-BE54-9A1E7A4F7556}") = "Yeji", "Yeji\Yeji.csproj", "{F9899F88-8C67-4512-BCF5-2BDF0BFA2DEC}"
EndProject
Project("{9A19103F-16F7-4668-BE54-9A1E7A4F7556}") = "ClientModules", "JinConsole\ClientModules.csproj", "{EEC822C4-FE57-4F23-822A-E96CCE33C266}"
EndProject
Project("{9A19103F-16F7-4668-BE54-9A1E7A4F7556}") = "Protocol", "..\MyMate_Network\MyMate_Network\Protocal\Protocol.csproj", "{C4234080-C265-41B6-B899-914366307188}"
EndProject
Project("{9A19103F-16F7-4668-BE54-9A1E7A4F7556}") = "ClientNetwork", "..\MyMate_Network\MyMate_Network\ClientNetwork\ClientNetwork.csproj", "{BE049136-128F-4E9E-936B-A9DB5EB9543C}"
EndProject
Global
	GlobalSection(SolutionConfigurationPlatforms) = preSolution
		Debug|Any CPU = Debug|Any CPU
		Release|Any CPU = Release|Any CPU
	EndGlobalSection
	GlobalSection(ProjectConfigurationPlatforms) = postSolution
		{17963B82-F915-4477-9F92-265F13E520A1}.Debug|Any CPU.ActiveCfg = Debug|Any CPU
		{17963B82-F915-4477-9F92-265F13E520A1}.Debug|Any CPU.Build.0 = Debug|Any CPU
		{17963B82-F915-4477-9F92-265F13E520A1}.Release|Any CPU.ActiveCfg = Release|Any CPU
		{17963B82-F915-4477-9F92-265F13E520A1}.Release|Any CPU.Build.0 = Release|Any CPU
		{F9899F88-8C67-4512-BCF5-2BDF0BFA2DEC}.Debug|Any CPU.ActiveCfg = Debug|Any CPU
		{F9899F88-8C67-4512-BCF5-2BDF0BFA2DEC}.Debug|Any CPU.Build.0 = Debug|Any CPU
		{F9899F88-8C67-4512-BCF5-2BDF0BFA2DEC}.Release|Any CPU.ActiveCfg = Release|Any CPU
		{F9899F88-8C67-4512-BCF5-2BDF0BFA2DEC}.Release|Any CPU.Build.0 = Release|Any CPU
		{EEC822C4-FE57-4F23-822A-E96CCE33C266}.Debug|Any CPU.ActiveCfg = Debug|Any CPU
		{EEC822C4-FE57-4F23-822A-E96CCE33C266}.Debug|Any CPU.Build.0 = Debug|Any CPU
		{EEC822C4-FE57-4F23-822A-E96CCE33C266}.Release|Any CPU.ActiveCfg = Release|Any CPU
		{EEC822C4-FE57-4F23-822A-E96CCE33C266}.Release|Any CPU.Build.0 = Release|Any CPU
		{C4234080-C265-41B6-B899-914366307188}.Debug|Any CPU.ActiveCfg = Debug|Any CPU
		{C4234080-C265-41B6-B899-914366307188}.Debug|Any CPU.Build.0 = Debug|Any CPU
		{C4234080-C265-41B6-B899-914366307188}.Release|Any CPU.ActiveCfg = Release|Any CPU
		{C4234080-C265-41B6-B899-914366307188}.Release|Any CPU.Build.0 = Release|Any CPU
		{BE049136-128F-4E9E-936B-A9DB5EB9543C}.Debug|Any CPU.ActiveCfg = Debug|Any CPU
		{BE049136-128F-4E9E-936B-A9DB5EB9543C}.Debug|Any CPU.Build.0 = Debug|Any CPU
		{BE049136-128F-4E9E-936B-A9DB5EB9543C}.Release|Any CPU.ActiveCfg = Release|Any CPU
		{BE049136-128F-4E9E-936B-A9DB5EB9543C}.Release|Any CPU.Build.0 = Release|Any CPU
	EndGlobalSection
	GlobalSection(SolutionProperties) = preSolution
		HideSolutionNode = FALSE
	EndGlobalSection
	GlobalSection(ExtensibilityGlobals) = postSolution
		SolutionGuid = {1995D11D-E93C-4147-BEBE-40CEC529BCCF}
	EndGlobalSection
EndGlobal
